{
  "version": 1,
  "dependencies": {
    "net7.0": {
      "Azure.Storage.Blobs": {
        "type": "Direct",
        "requested": "[12.19.1, )",
        "resolved": "12.19.1",
        "contentHash": "x43hWFJ4sPQ23TD4piCwT+KlQpZT8pNDAzqj6yUCqh+WJ2qcQa17e1gh6ZOeT2QNFQTTDSuR56fm2bIV7i11/w==",
        "dependencies": {
          "Azure.Storage.Common": "12.18.1",
          "System.Text.Json": "4.7.2"
        }
      },
      "Microsoft.NET.Test.Sdk": {
        "type": "Direct",
        "requested": "[17.8.0, )",
        "resolved": "17.8.0",
        "contentHash": "BmTYGbD/YuDHmApIENdoyN1jCk0Rj1fJB0+B/fVekyTdVidr91IlzhqzytiUgaEAzL1ZJcYCme0MeBMYvJVzvw==",
        "dependencies": {
          "Microsoft.CodeCoverage": "17.8.0",
          "Microsoft.TestPlatform.TestHost": "17.8.0"
        }
      },
      "NUnit": {
        "type": "Direct",
        "requested": "[4.0.1, )",
        "resolved": "4.0.1",
        "contentHash": "jNTHZ01hJsDNPDSBycoHpavFZUBf9vRVQLCyuo78LRrrFj6Ol/CeqK+NIeTk5d8Eycjk59KseWb7X5Ge6z7CgQ=="
      },
      "NUnit3TestAdapter": {
        "type": "Direct",
        "requested": "[4.5.0, )",
        "resolved": "4.5.0",
        "contentHash": "s8JpqTe9bI2f49Pfr3dFRfoVSuFQyraTj68c3XXjIS/MRGvvkLnrg6RLqnTjdShX+AdFUCCU/4Xex58AdUfs6A=="
      },
      "Azure.Core": {
        "type": "Transitive",
        "resolved": "1.36.0",
        "contentHash": "vwqFZdHS4dzPlI7FFRkPx9ctA+aGGeRev3gnzG8lntWvKMmBhAmulABi1O9CEvS3/jzYt7yA+0pqVdxkpAd7dQ==",
        "dependencies": {
          "Microsoft.Bcl.AsyncInterfaces": "1.1.1",
          "System.Diagnostics.DiagnosticSource": "6.0.1",
          "System.Memory.Data": "1.0.2",
          "System.Numerics.Vectors": "4.5.0",
          "System.Text.Encodings.Web": "4.7.2",
          "System.Text.Json": "4.7.2",
          "System.Threading.Tasks.Extensions": "4.5.4"
        }
      },
      "Azure.Storage.Common": {
        "type": "Transitive",
        "resolved": "12.18.1",
        "contentHash": "ohCslqP9yDKIn+DVjBEOBuieB1QwsUCz+BwHYNaJ3lcIsTSiI4Evnq81HcKe8CqM8qvdModbipVQKpnxpbdWqA==",
        "dependencies": {
          "Azure.Core": "1.36.0",
          "System.IO.Hashing": "6.0.0"
        }
      },
      "Microsoft.Bcl.AsyncInterfaces": {
        "type": "Transitive",
        "resolved": "1.1.1",
        "contentHash": "yuvf07qFWFqtK3P/MRkEKLhn5r2UbSpVueRziSqj0yJQIKFwG1pq9mOayK3zE5qZCTs0CbrwL9M6R8VwqyGy2w=="
      },
      "Microsoft.CodeCoverage": {
        "type": "Transitive",
        "resolved": "17.8.0",
        "contentHash": "KC8SXWbGIdoFVdlxKk9WHccm0llm9HypcHMLUUFabRiTS3SO2fQXNZfdiF3qkEdTJhbRrxhdRxjL4jbtwPq4Ew=="
      },
      "Microsoft.TestPlatform.ObjectModel": {
        "type": "Transitive",
        "resolved": "17.8.0",
        "contentHash": "AYy6vlpGMfz5kOFq99L93RGbqftW/8eQTqjT9iGXW6s9MRP3UdtY8idJ8rJcjeSja8A18IhIro5YnH3uv1nz4g==",
        "dependencies": {
          "NuGet.Frameworks": "6.5.0",
          "System.Reflection.Metadata": "1.6.0"
        }
      },
      "Microsoft.TestPlatform.TestHost": {
        "type": "Transitive",
        "resolved": "17.8.0",
        "contentHash": "9ivcl/7SGRmOT0YYrHQGohWiT5YCpkmy/UEzldfVisLm6QxbLaK3FAJqZXI34rnRLmqqDCeMQxKINwmKwAPiDw==",
        "dependencies": {
          "Microsoft.TestPlatform.ObjectModel": "17.8.0",
          "Newtonsoft.Json": "13.0.1"
        }
      },
      "Newtonsoft.Json": {
        "type": "Transitive",
        "resolved": "13.0.1",
        "contentHash": "ppPFpBcvxdsfUonNcvITKqLl3bqxWbDCZIzDWHzjpdAHRFfZe0Dw9HmA0+za13IdyrgJwpkDTDA9fHaxOrt20A=="
      },
      "NuGet.Frameworks": {
        "type": "Transitive",
        "resolved": "6.5.0",
        "contentHash": "QWINE2x3MbTODsWT1Gh71GaGb5icBz4chS8VYvTgsBnsi8esgN6wtHhydd7fvToWECYGq7T4cgBBDiKD/363fg=="
      },
      "System.Diagnostics.DiagnosticSource": {
        "type": "Transitive",
        "resolved": "6.0.1",
        "contentHash": "KiLYDu2k2J82Q9BJpWiuQqCkFjRBWVq4jDzKKWawVi9KWzyD0XG3cmfX0vqTQlL14Wi9EufJrbL0+KCLTbqWiQ==",
        "dependencies": {
          "System.Runtime.CompilerServices.Unsafe": "6.0.0"
        }
      },
      "System.IO.Hashing": {
        "type": "Transitive",
        "resolved": "6.0.0",
        "contentHash": "Rfm2jYCaUeGysFEZjDe7j1R4x6Z6BzumS/vUT5a1AA/AWJuGX71PoGB0RmpyX3VmrGqVnAwtfMn39OHR8Y/5+g=="
      },
      "System.Memory.Data": {
        "type": "Transitive",
        "resolved": "1.0.2",
        "contentHash": "JGkzeqgBsiZwKJZ1IxPNsDFZDhUvuEdX8L8BDC8N3KOj+6zMcNU28CNN59TpZE/VJYy9cP+5M+sbxtWJx3/xtw==",
        "dependencies": {
          "System.Text.Encodings.Web": "4.7.2",
          "System.Text.Json": "4.6.0"
        }
      },
      "System.Numerics.Vectors": {
        "type": "Transitive",
        "resolved": "4.5.0",
        "contentHash": "QQTlPTl06J/iiDbJCiepZ4H//BVraReU4O4EoRw1U02H5TLUIT7xn3GnDp9AXPSlJUDyFs4uWjWafNX6WrAojQ=="
      },
      "System.Reflection.Metadata": {
        "type": "Transitive",
        "resolved": "1.6.0",
        "contentHash": "COC1aiAJjCoA5GBF+QKL2uLqEBew4JsCkQmoHKbN3TlOZKa2fKLz5CpiRQKDz0RsAOEGsVKqOD5bomsXq/4STQ=="
      },
      "System.Runtime.CompilerServices.Unsafe": {
        "type": "Transitive",
        "resolved": "6.0.0",
        "contentHash": "/iUeP3tq1S0XdNNoMz5C9twLSrM/TH+qElHkXWaPvuNOt+99G75NrV0OS2EqHx5wMN7popYjpc8oTjC1y16DLg=="
      },
      "System.Text.Encodings.Web": {
        "type": "Transitive",
        "resolved": "4.7.2",
        "contentHash": "iTUgB/WtrZ1sWZs84F2hwyQhiRH6QNjQv2DkwrH+WP6RoFga2Q1m3f9/Q7FG8cck8AdHitQkmkXSY8qylcDmuA=="
      },
      "System.Text.Json": {
        "type": "Transitive",
        "resolved": "4.7.2",
        "contentHash": "TcMd95wcrubm9nHvJEQs70rC0H/8omiSGGpU4FQ/ZA1URIqD4pjmFJh2Mfv1yH1eHgJDWTi2hMDXwTET+zOOyg=="
      },
      "System.Threading.Tasks.Extensions": {
        "type": "Transitive",
        "resolved": "4.5.4",
        "contentHash": "zteT+G8xuGu6mS+mzDzYXbzS7rd3K6Fjb9RiZlYlJPam2/hU7JCBZBVEcywNuR+oZ1ncTvc/cq0faRr3P01OVg=="
      },
      "azuremutex": {
        "type": "Project",
        "dependencies": {
          "Azure.Storage.Blobs": "[12.19.1, )"
        }
      }
    }
  }
}